schema: '2.0'
stages:
  data_ingestion:
    cmd: python src/cnnClassifier/pipeline/data_ingestion_pipeline.py
    deps:
    - path: config/config.yaml
      hash: md5
      md5: 673535be6607ce43e58881e230df05cc
      size: 728
    - path: src/cnnClassifier/pipeline/data_ingestion_pipeline.py
      hash: md5
      md5: 56814552db0e80a7c36fc2e2cd4e89d3
      size: 973
    outs:
    - path: artifacts/data_ingestion/Chest-CT-Scan-data
      hash: md5
      md5: 904fa45d934ce879b3b1933dca6cb2f1.dir
      size: 49247431
      nfiles: 343
  base_model:
    cmd: python src/cnnClassifier/pipeline/base_model_pipeline.py
    deps:
    - path: config/config.yaml
      hash: md5
      md5: 673535be6607ce43e58881e230df05cc
      size: 728
    - path: src/cnnClassifier/pipeline/base_model_pipeline.py
      hash: md5
      md5: 9c6b51c93a861ef7442cffb6c98bdb25
      size: 988
    params:
      params.yaml:
        CLASSES: 2
        IMAGE_SIZE:
        - 224
        - 224
        - 3
        INCLUDE_TOP: false
        LEARNING_RATE: 1e-05
        WEIGHTS: imagenet
    outs:
    - path: artifacts/base_model
      hash: md5
      md5: c6d1576723b30eba06162b9fe57cbf32.dir
      size: 119466360
      nfiles: 2
  training:
    cmd: python src/cnnClassifier/pipeline/training_pipeline.py
    deps:
    - path: artifacts/base_model
      hash: md5
      md5: c6d1576723b30eba06162b9fe57cbf32.dir
      size: 119466360
      nfiles: 2
    - path: artifacts/data_ingestion/Chest-CT-Scan-data
      hash: md5
      md5: 904fa45d934ce879b3b1933dca6cb2f1.dir
      size: 49247431
      nfiles: 343
    - path: config/config.yaml
      hash: md5
      md5: 673535be6607ce43e58881e230df05cc
      size: 728
    - path: src/cnnClassifier/pipeline/training_pipeline.py
      hash: md5
      md5: 3799ead74a33eebbf7e462ac1d2d4b10
      size: 948
    params:
      params.yaml:
        AUGMENTATION: true
        BATCH_SIZE: 16
        EPOCHS: 8
        IMAGE_SIZE:
        - 224
        - 224
        - 3
    outs:
    - path: artifacts/training/model.h5
      hash: md5
      md5: 963ed5bfbb80b85c9db4a1ca4ad2d8db
      size: 63766664
  evaluation:
    cmd: python src/cnnClassifier/pipeline/evaluation_pipeline.py
    deps:
    - path: artifacts/data_ingestion/Chest-CT-Scan-data
      hash: md5
      md5: 904fa45d934ce879b3b1933dca6cb2f1.dir
      size: 49247431
      nfiles: 343
    - path: artifacts/training/model.h5
      hash: md5
      md5: 963ed5bfbb80b85c9db4a1ca4ad2d8db
      size: 63766664
    - path: config/config.yaml
      hash: md5
      md5: 673535be6607ce43e58881e230df05cc
      size: 728
    - path: src/cnnClassifier/pipeline/evaluation_pipeline.py
      hash: md5
      md5: 16533468ac884637f77830caa8834b06
      size: 912
    params:
      params.yaml:
        BATCH_SIZE: 16
        IMAGE_SIZE:
        - 224
        - 224
        - 3
    outs:
    - path: scores.json
      hash: md5
      md5: aef5a5a71c2bfeab92abfcc63c3355f0
      size: 171
